
Microsoft Visual Studio Solution File, Format Version 12.00
# Visual Studio 15
VisualStudioVersion = 15.0.27703.2035
MinimumVisualStudioVersion = 10.0.40219.1
Project("{9A19103F-16F7-4668-BE54-9A1E7A4F7556}") = "FIDO", "FIDO\FIDO.csproj", "{D37B831C-1929-4379-911E-2F67D2DD12C5}"
EndProject
Project("{2150E333-8FDC-42A3-9474-1A3956D46DE8}") = "Solution Items", "Solution Items", "{4B285B46-95F0-4A22-9683-3853942802A6}"
	ProjectSection(SolutionItems) = preProject
		README.md = README.md
	EndProjectSection
EndProject
Global
	GlobalSection(SolutionConfigurationPlatforms) = preSolution
		Debug|Any CPU = Debug|Any CPU
		Release|Any CPU = Release|Any CPU
	EndGlobalSection
	GlobalSection(ProjectConfigurationPlatforms) = postSolution
		{D37B831C-1929-4379-911E-2F67D2DD12C5}.Debug|Any CPU.ActiveCfg = Debug|Any CPU
		{D37B831C-1929-4379-911E-2F67D2DD12C5}.Debug|Any CPU.Build.0 = Debug|Any CPU
		{D37B831C-1929-4379-911E-2F67D2DD12C5}.Release|Any CPU.ActiveCfg = Release|Any CPU
		{D37B831C-1929-4379-911E-2F67D2DD12C5}.Release|Any CPU.Build.0 = Release|Any CPU
	EndGlobalSection
	GlobalSection(SolutionProperties) = preSolution
		HideSolutionNode = FALSE
	EndGlobalSection
	GlobalSection(ExtensibilityGlobals) = postSolution
		SolutionGuid = {D2697782-BE0F-46FB-BE25-48BCAC6E7AE2}
	EndGlobalSection
EndGlobal
